
Microsoft Visual Studio Solution File, Format Version 12.00
# Visual Studio Version 16
VisualStudioVersion = 16.0.29025.244
MinimumVisualStudioVersion = 10.0.40219.1
Project("{FAE04EC0-301F-11D3-BF4B-00C04F79EFBC}") = "ChinarLibrary", "ChinarLibrary.csproj", "{462A84D2-FD4F-44CF-9966-D03C8BEF4F00}"
EndProject
Global
	GlobalSection(SolutionConfigurationPlatforms) = preSolution
		Debug|Any CPU = Debug|Any CPU
		Release|Any CPU = Release|Any CPU
	EndGlobalSection
	GlobalSection(ProjectConfigurationPlatforms) = postSolution
		{462A84D2-FD4F-44CF-9966-D03C8BEF4F00}.Debug|Any CPU.ActiveCfg = Debug|Any CPU
		{462A84D2-FD4F-44CF-9966-D03C8BEF4F00}.Debug|Any CPU.Build.0 = Debug|Any CPU
		{462A84D2-FD4F-44CF-9966-D03C8BEF4F00}.Release|Any CPU.ActiveCfg = Release|Any CPU
		{462A84D2-FD4F-44CF-9966-D03C8BEF4F00}.Release|Any CPU.Build.0 = Release|Any CPU
	EndGlobalSection
	GlobalSection(SolutionProperties) = preSolution
		HideSolutionNode = FALSE
	EndGlobalSection
	GlobalSection(ExtensibilityGlobals) = postSolution
		SolutionGuid = {EDCFF39B-9F25-424D-9414-B530C04A05F4}
	EndGlobalSection
EndGlobal
